
Microsoft Visual Studio Solution File, Format Version 12.00
# Visual Studio Version 17
VisualStudioVersion = 17.8.34330.188
MinimumVisualStudioVersion = 10.0.40219.1
Project("{9A19103F-16F7-4668-BE54-9A1E7A4F7556}") = "UrlShortener", "UrlShortener\UrlShortener.csproj", "{16DF4093-0D84-4B1C-B6E0-27877D95C963}"
EndProject
Project("{E53339B2-1760-4266-BCC7-CA923CBCF16C}") = "docker-compose", "docker-compose.dcproj", "{BC07F8AA-1E48-4EB9-8641-67F63C12BC2A}"
EndProject
Project("{FAE04EC0-301F-11D3-BF4B-00C04F79EFBC}") = "UrlShortener.Tests", "UrlShortener.Tests\UrlShortener.Tests.csproj", "{33C523A4-E66E-49B3-B418-203C6E39C87A}"
EndProject
Global
	GlobalSection(SolutionConfigurationPlatforms) = preSolution
		Debug|Any CPU = Debug|Any CPU
		Debug|x64 = Debug|x64
		Release|Any CPU = Release|Any CPU
		Release|x64 = Release|x64
	EndGlobalSection
	GlobalSection(ProjectConfigurationPlatforms) = postSolution
		{16DF4093-0D84-4B1C-B6E0-27877D95C963}.Debug|Any CPU.ActiveCfg = Debug|Any CPU
		{16DF4093-0D84-4B1C-B6E0-27877D95C963}.Debug|Any CPU.Build.0 = Debug|Any CPU
		{16DF4093-0D84-4B1C-B6E0-27877D95C963}.Debug|x64.ActiveCfg = Debug|Any CPU
		{16DF4093-0D84-4B1C-B6E0-27877D95C963}.Debug|x64.Build.0 = Debug|Any CPU
		{16DF4093-0D84-4B1C-B6E0-27877D95C963}.Release|Any CPU.ActiveCfg = Release|Any CPU
		{16DF4093-0D84-4B1C-B6E0-27877D95C963}.Release|Any CPU.Build.0 = Release|Any CPU
		{16DF4093-0D84-4B1C-B6E0-27877D95C963}.Release|x64.ActiveCfg = Release|Any CPU
		{16DF4093-0D84-4B1C-B6E0-27877D95C963}.Release|x64.Build.0 = Release|Any CPU
		{BC07F8AA-1E48-4EB9-8641-67F63C12BC2A}.Debug|Any CPU.ActiveCfg = Debug|Any CPU
		{BC07F8AA-1E48-4EB9-8641-67F63C12BC2A}.Debug|Any CPU.Build.0 = Debug|Any CPU
		{BC07F8AA-1E48-4EB9-8641-67F63C12BC2A}.Debug|x64.ActiveCfg = Debug|Any CPU
		{BC07F8AA-1E48-4EB9-8641-67F63C12BC2A}.Debug|x64.Build.0 = Debug|Any CPU
		{BC07F8AA-1E48-4EB9-8641-67F63C12BC2A}.Release|Any CPU.ActiveCfg = Release|Any CPU
		{BC07F8AA-1E48-4EB9-8641-67F63C12BC2A}.Release|Any CPU.Build.0 = Release|Any CPU
		{BC07F8AA-1E48-4EB9-8641-67F63C12BC2A}.Release|x64.ActiveCfg = Release|Any CPU
		{BC07F8AA-1E48-4EB9-8641-67F63C12BC2A}.Release|x64.Build.0 = Release|Any CPU
		{33C523A4-E66E-49B3-B418-203C6E39C87A}.Debug|Any CPU.ActiveCfg = Debug|Any CPU
		{33C523A4-E66E-49B3-B418-203C6E39C87A}.Debug|Any CPU.Build.0 = Debug|Any CPU
		{33C523A4-E66E-49B3-B418-203C6E39C87A}.Debug|x64.ActiveCfg = Debug|x64
		{33C523A4-E66E-49B3-B418-203C6E39C87A}.Debug|x64.Build.0 = Debug|x64
		{33C523A4-E66E-49B3-B418-203C6E39C87A}.Release|Any CPU.ActiveCfg = Release|Any CPU
		{33C523A4-E66E-49B3-B418-203C6E39C87A}.Release|Any CPU.Build.0 = Release|Any CPU
		{33C523A4-E66E-49B3-B418-203C6E39C87A}.Release|x64.ActiveCfg = Release|x64
		{33C523A4-E66E-49B3-B418-203C6E39C87A}.Release|x64.Build.0 = Release|x64
	EndGlobalSection
	GlobalSection(SolutionProperties) = preSolution
		HideSolutionNode = FALSE
	EndGlobalSection
	GlobalSection(ExtensibilityGlobals) = postSolution
		SolutionGuid = {32830C1D-F25E-42D6-858F-5BD021791A30}
	EndGlobalSection
EndGlobal
